// !$*UTF8*$!
{
	archiveVersion = 1;
	classes = {
	};
	objectVersion = 50;
	objects = {

/* Begin PBXBuildFile section */
		081AF38325CBB7DA008187BB /* AppDelegate.swift in Sources */ = {isa = PBXBuildFile; fileRef = 081AF38225CBB7DA008187BB /* AppDelegate.swift */; };
		081AF38525CBB7DA008187BB /* SceneDelegate.swift in Sources */ = {isa = PBXBuildFile; fileRef = 081AF38425CBB7DA008187BB /* SceneDelegate.swift */; };
		081AF38725CBB7DA008187BB /* ViewController.swift in Sources */ = {isa = PBXBuildFile; fileRef = 081AF38625CBB7DA008187BB /* ViewController.swift */; };
		081AF38A25CBB7DA008187BB /* Main.storyboard in Resources */ = {isa = PBXBuildFile; fileRef = 081AF38825CBB7DA008187BB /* Main.storyboard */; };
		081AF38C25CBB7DD008187BB /* Assets.xcassets in Resources */ = {isa = PBXBuildFile; fileRef = 081AF38B25CBB7DD008187BB /* Assets.xcassets */; };
		081AF38F25CBB7DD008187BB /* LaunchScreen.storyboard in Resources */ = {isa = PBXBuildFile; fileRef = 081AF38D25CBB7DD008187BB /* LaunchScreen.storyboard */; };
		081AF39A25CBB7DD008187BB /* Udderz_AppTests.swift in Sources */ = {isa = PBXBuildFile; fileRef = 081AF39925CBB7DD008187BB /* Udderz_AppTests.swift */; };
		081AF3A525CBB7DD008187BB /* Udderz_AppUITests.swift in Sources */ = {isa = PBXBuildFile; fileRef = 081AF3A425CBB7DD008187BB /* Udderz_AppUITests.swift */; };
		081AF3B625CBCC2F008187BB /* moo.mp3 in Resources */ = {isa = PBXBuildFile; fileRef = 081AF3B525CBCC2F008187BB /* moo.mp3 */; };
/* End PBXBuildFile section */

/* Begin PBXContainerItemProxy section */
		081AF39625CBB7DD008187BB /* PBXContainerItemProxy */ = {
			isa = PBXContainerItemProxy;
			containerPortal = 081AF37725CBB7DA008187BB /* Project object */;
			proxyType = 1;
			remoteGlobalIDString = 081AF37E25CBB7DA008187BB;
			remoteInfo = "Udderz App";
		};
		081AF3A125CBB7DD008187BB /* PBXContainerItemProxy */ = {
			isa = PBXContainerItemProxy;
			containerPortal = 081AF37725CBB7DA008187BB /* Project object */;
			proxyType = 1;
			remoteGlobalIDString = 081AF37E25CBB7DA008187BB;
			remoteInfo = "Udderz App";
		};
/* End PBXContainerItemProxy section */

/* Begin PBXFileReference section */
		081AF37F25CBB7DA008187BB /* Udderz App.app */ = {isa = PBXFileReference; explicitFileType = wrapper.application; includeInIndex = 0; path = "Udderz App.app"; sourceTree = BUILT_PRODUCTS_DIR; };
		081AF38225CBB7DA008187BB /* AppDelegate.swift */ = {isa = PBXFileReference; lastKnownFileType = sourcecode.swift; path = AppDelegate.swift; sourceTree = "<group>"; };
		081AF38425CBB7DA008187BB /* SceneDelegate.swift */ = {isa = PBXFileReference; lastKnownFileType = sourcecode.swift; path = SceneDelegate.swift; sourceTree = "<group>"; };
		081AF38625CBB7DA008187BB /* ViewController.swift */ = {isa = PBXFileReference; lastKnownFileType = sourcecode.swift; path = ViewController.swift; sourceTree = "<group>"; };
		081AF38925CBB7DA008187BB /* Base */ = {isa = PBXFileReference; lastKnownFileType = file.storyboard; name = Base; path = Base.lproj/Main.storyboard; sourceTree = "<group>"; };
		081AF38B25CBB7DD008187BB /* Assets.xcassets */ = {isa = PBXFileReference; lastKnownFileType = folder.assetcatalog; path = Assets.xcassets; sourceTree = "<group>"; };
		081AF38E25CBB7DD008187BB /* Base */ = {isa = PBXFileReference; lastKnownFileType = file.storyboard; name = Base; path = Base.lproj/LaunchScreen.storyboard; sourceTree = "<group>"; };
		081AF39025CBB7DD008187BB /* Info.plist */ = {isa = PBXFileReference; lastKnownFileType = text.plist.xml; path = Info.plist; sourceTree = "<group>"; };
		081AF39525CBB7DD008187BB /* Udderz AppTests.xctest */ = {isa = PBXFileReference; explicitFileType = wrapper.cfbundle; includeInIndex = 0; path = "Udderz AppTests.xctest"; sourceTree = BUILT_PRODUCTS_DIR; };
		081AF39925CBB7DD008187BB /* Udderz_AppTests.swift */ = {isa = PBXFileReference; lastKnownFileType = sourcecode.swift; path = Udderz_AppTests.swift; sourceTree = "<group>"; };
		081AF39B25CBB7DD008187BB /* Info.plist */ = {isa = PBXFileReference; lastKnownFileType = text.plist.xml; path = Info.plist; sourceTree = "<group>"; };
		081AF3A025CBB7DD008187BB /* Udderz AppUITests.xctest */ = {isa = PBXFileReference; explicitFileType = wrapper.cfbundle; includeInIndex = 0; path = "Udderz AppUITests.xctest"; sourceTree = BUILT_PRODUCTS_DIR; };
		081AF3A425CBB7DD008187BB /* Udderz_AppUITests.swift */ = {isa = PBXFileReference; lastKnownFileType = sourcecode.swift; path = Udderz_AppUITests.swift; sourceTree = "<group>"; };
		081AF3A625CBB7DD008187BB /* Info.plist */ = {isa = PBXFileReference; lastKnownFileType = text.plist.xml; path = Info.plist; sourceTree = "<group>"; };
		081AF3B525CBCC2F008187BB /* moo.mp3 */ = {isa = PBXFileReference; lastKnownFileType = audio.mp3; path = moo.mp3; sourceTree = "<group>"; };
/* End PBXFileReference section */

/* Begin PBXFrameworksBuildPhase section */
		081AF37C25CBB7DA008187BB /* Frameworks */ = {
			isa = PBXFrameworksBuildPhase;
			buildActionMask = 2147483647;
			files = (
			);
			runOnlyForDeploymentPostprocessing = 0;
		};
		081AF39225CBB7DD008187BB /* Frameworks */ = {
			isa = PBXFrameworksBuildPhase;
			buildActionMask = 2147483647;
			files = (
			);
			runOnlyForDeploymentPostprocessing = 0;
		};
		081AF39D25CBB7DD008187BB /* Frameworks */ = {
			isa = PBXFrameworksBuildPhase;
			buildActionMask = 2147483647;
			files = (
			);
			runOnlyForDeploymentPostprocessing = 0;
		};
/* End PBXFrameworksBuildPhase section */

/* Begin PBXGroup section */
		081AF37625CBB7DA008187BB = {
			isa = PBXGroup;
			children = (
				081AF38125CBB7DA008187BB /* Udderz App */,
				081AF39825CBB7DD008187BB /* Udderz AppTests */,
				081AF3A325CBB7DD008187BB /* Udderz AppUITests */,
				081AF38025CBB7DA008187BB /* Products */,
			);
			sourceTree = "<group>";
		};
		081AF38025CBB7DA008187BB /* Products */ = {
			isa = PBXGroup;
			children = (
				081AF37F25CBB7DA008187BB /* Udderz App.app */,
				081AF39525CBB7DD008187BB /* Udderz AppTests.xctest */,
				081AF3A025CBB7DD008187BB /* Udderz AppUITests.xctest */,
			);
			name = Products;
			sourceTree = "<group>";
		};
		081AF38125CBB7DA008187BB /* Udderz App */ = {
			isa = PBXGroup;
			children = (
				081AF38225CBB7DA008187BB /* AppDelegate.swift */,
				081AF38425CBB7DA008187BB /* SceneDelegate.swift */,
				081AF38625CBB7DA008187BB /* ViewController.swift */,
				081AF38825CBB7DA008187BB /* Main.storyboard */,
				081AF38B25CBB7DD008187BB /* Assets.xcassets */,
				081AF38D25CBB7DD008187BB /* LaunchScreen.storyboard */,
				081AF3B525CBCC2F008187BB /* moo.mp3 */,
				081AF39025CBB7DD008187BB /* Info.plist */,
			);
			path = "Udderz App";
			sourceTree = "<group>";
		};
		081AF39825CBB7DD008187BB /* Udderz AppTests */ = {
			isa = PBXGroup;
			children = (
				081AF39925CBB7DD008187BB /* Udderz_AppTests.swift */,
				081AF39B25CBB7DD008187BB /* Info.plist */,
			);
			path = "Udderz AppTests";
			sourceTree = "<group>";
		};
		081AF3A325CBB7DD008187BB /* Udderz AppUITests */ = {
			isa = PBXGroup;
			children = (
				081AF3A425CBB7DD008187BB /* Udderz_AppUITests.swift */,
				081AF3A625CBB7DD008187BB /* Info.plist */,
			);
			path = "Udderz AppUITests";
			sourceTree = "<group>";
		};
/* End PBXGroup section */

/* Begin PBXNativeTarget section */
		081AF37E25CBB7DA008187BB /* Udderz App */ = {
			isa = PBXNativeTarget;
			buildConfigurationList = 081AF3A925CBB7DD008187BB /* Build configuration list for PBXNativeTarget "Udderz App" */;
			buildPhases = (
				081AF37B25CBB7DA008187BB /* Sources */,
				081AF37C25CBB7DA008187BB /* Frameworks */,
				081AF37D25CBB7DA008187BB /* Resources */,
			);
			buildRules = (
			);
			dependencies = (
			);
			name = "Udderz App";
			productName = "Udderz App";
			productReference = 081AF37F25CBB7DA008187BB /* Udderz App.app */;
			productType = "com.apple.product-type.application";
		};
		081AF39425CBB7DD008187BB /* Udderz AppTests */ = {
			isa = PBXNativeTarget;
			buildConfigurationList = 081AF3AC25CBB7DD008187BB /* Build configuration list for PBXNativeTarget "Udderz AppTests" */;
			buildPhases = (
				081AF39125CBB7DD008187BB /* Sources */,
				081AF39225CBB7DD008187BB /* Frameworks */,
				081AF39325CBB7DD008187BB /* Resources */,
			);
			buildRules = (
			);
			dependencies = (
				081AF39725CBB7DD008187BB /* PBXTargetDependency */,
			);
			name = "Udderz AppTests";
			productName = "Udderz AppTests";
			productReference = 081AF39525CBB7DD008187BB /* Udderz AppTests.xctest */;
			productType = "com.apple.product-type.bundle.unit-test";
		};
		081AF39F25CBB7DD008187BB /* Udderz AppUITests */ = {
			isa = PBXNativeTarget;
			buildConfigurationList = 081AF3AF25CBB7DD008187BB /* Build configuration list for PBXNativeTarget "Udderz AppUITests" */;
			buildPhases = (
				081AF39C25CBB7DD008187BB /* Sources */,
				081AF39D25CBB7DD008187BB /* Frameworks */,
				081AF39E25CBB7DD008187BB /* Resources */,
			);
			buildRules = (
			);
			dependencies = (
				081AF3A225CBB7DD008187BB /* PBXTargetDependency */,
			);
			name = "Udderz AppUITests";
			productName = "Udderz AppUITests";
			productReference = 081AF3A025CBB7DD008187BB /* Udderz AppUITests.xctest */;
			productType = "com.apple.product-type.bundle.ui-testing";
		};
/* End PBXNativeTarget section */

/* Begin PBXProject section */
		081AF37725CBB7DA008187BB /* Project object */ = {
			isa = PBXProject;
			attributes = {
				LastSwiftUpdateCheck = 1240;
				LastUpgradeCheck = 1240;
				TargetAttributes = {
					081AF37E25CBB7DA008187BB = {
						CreatedOnToolsVersion = 12.4;
					};
					081AF39425CBB7DD008187BB = {
						CreatedOnToolsVersion = 12.4;
						TestTargetID = 081AF37E25CBB7DA008187BB;
					};
					081AF39F25CBB7DD008187BB = {
						CreatedOnToolsVersion = 12.4;
						TestTargetID = 081AF37E25CBB7DA008187BB;
					};
				};
			};
			buildConfigurationList = 081AF37A25CBB7DA008187BB /* Build configuration list for PBXProject "Udderz App" */;
			compatibilityVersion = "Xcode 9.3";
			developmentRegion = en;
			hasScannedForEncodings = 0;
			knownRegions = (
				en,
				Base,
			);
			mainGroup = 081AF37625CBB7DA008187BB;
			productRefGroup = 081AF38025CBB7DA008187BB /* Products */;
			projectDirPath = "";
			projectRoot = "";
			targets = (
				081AF37E25CBB7DA008187BB /* Udderz App */,
				081AF39425CBB7DD008187BB /* Udderz AppTests */,
				081AF39F25CBB7DD008187BB /* Udderz AppUITests */,
			);
		};
/* End PBXProject section */

/* Begin PBXResourcesBuildPhase section */
		081AF37D25CBB7DA008187BB /* Resources */ = {
			isa = PBXResourcesBuildPhase;
			buildActionMask = 2147483647;
			files = (
				081AF3B625CBCC2F008187BB /* moo.mp3 in Resources */,
				081AF38F25CBB7DD008187BB /* LaunchScreen.storyboard in Resources */,
				081AF38C25CBB7DD008187BB /* Assets.xcassets in Resources */,
				081AF38A25CBB7DA008187BB /* Main.storyboard in Resources */,
			);
			runOnlyForDeploymentPostprocessing = 0;
		};
		081AF39325CBB7DD008187BB /* Resources */ = {
			isa = PBXResourcesBuildPhase;
			buildActionMask = 2147483647;
			files = (
			);
			runOnlyForDeploymentPostprocessing = 0;
		};
		081AF39E25CBB7DD008187BB /* Resources */ = {
			isa = PBXResourcesBuildPhase;
			buildActionMask = 2147483647;
			files = (
			);
			runOnlyForDeploymentPostprocessing = 0;
		};
/* End PBXResourcesBuildPhase section */

/* Begin PBXSourcesBuildPhase section */
		081AF37B25CBB7DA008187BB /* Sources */ = {
			isa = PBXSourcesBuildPhase;
			buildActionMask = 2147483647;
			files = (
				081AF38725CBB7DA008187BB /* ViewController.swift in Sources */,
				081AF38325CBB7DA008187BB /* AppDelegate.swift in Sources */,
				081AF38525CBB7DA008187BB /* SceneDelegate.swift in Sources */,
			);
			runOnlyForDeploymentPostprocessing = 0;
		};
		081AF39125CBB7DD008187BB /* Sources */ = {
			isa = PBXSourcesBuildPhase;
			buildActionMask = 2147483647;
			files = (
				081AF39A25CBB7DD008187BB /* Udderz_AppTests.swift in Sources */,
			);
			runOnlyForDeploymentPostprocessing = 0;
		};
		081AF39C25CBB7DD008187BB /* Sources */ = {
			isa = PBXSourcesBuildPhase;
			buildActionMask = 2147483647;
			files = (
				081AF3A525CBB7DD008187BB /* Udderz_AppUITests.swift in Sources */,
			);
			runOnlyForDeploymentPostprocessing = 0;
		};
/* End PBXSourcesBuildPhase section */

/* Begin PBXTargetDependency section */
		081AF39725CBB7DD008187BB /* PBXTargetDependency */ = {
			isa = PBXTargetDependency;
			target = 081AF37E25CBB7DA008187BB /* Udderz App */;
			targetProxy = 081AF39625CBB7DD008187BB /* PBXContainerItemProxy */;
		};
		081AF3A225CBB7DD008187BB /* PBXTargetDependency */ = {
			isa = PBXTargetDependency;
			target = 081AF37E25CBB7DA008187BB /* Udderz App */;
			targetProxy = 081AF3A125CBB7DD008187BB /* PBXContainerItemProxy */;
		};
/* End PBXTargetDependency section */

/* Begin PBXVariantGroup section */
		081AF38825CBB7DA008187BB /* Main.storyboard */ = {
			isa = PBXVariantGroup;
			children = (
				081AF38925CBB7DA008187BB /* Base */,
			);
			name = Main.storyboard;
			sourceTree = "<group>";
		};
		081AF38D25CBB7DD008187BB /* LaunchScreen.storyboard */ = {
			isa = PBXVariantGroup;
			children = (
				081AF38E25CBB7DD008187BB /* Base */,
			);
			name = LaunchScreen.storyboard;
			sourceTree = "<group>";
		};
/* End PBXVariantGroup section */

/* Begin XCBuildConfiguration section */
		081AF3A725CBB7DD008187BB /* Debug */ = {
			isa = XCBuildConfiguration;
			buildSettings = {
				ALWAYS_SEARCH_USER_PATHS = NO;
				CLANG_ANALYZER_NONNULL = YES;
				CLANG_ANALYZER_NUMBER_OBJECT_CONVERSION = YES_AGGRESSIVE;
				CLANG_CXX_LANGUAGE_STANDARD = "gnu++14";
				CLANG_CXX_LIBRARY = "libc++";
				CLANG_ENABLE_MODULES = YES;
				CLANG_ENABLE_OBJC_ARC = YES;
				CLANG_ENABLE_OBJC_WEAK = YES;
				CLANG_WARN_BLOCK_CAPTURE_AUTORELEASING = YES;
				CLANG_WARN_BOOL_CONVERSION = YES;
				CLANG_WARN_COMMA = YES;
				CLANG_WARN_CONSTANT_CONVERSION = YES;
				CLANG_WARN_DEPRECATED_OBJC_IMPLEMENTATIONS = YES;
				CLANG_WARN_DIRECT_OBJC_ISA_USAGE = YES_ERROR;
				CLANG_WARN_DOCUMENTATION_COMMENTS = YES;
				CLANG_WARN_EMPTY_BODY = YES;
				CLANG_WARN_ENUM_CONVERSION = YES;
				CLANG_WARN_INFINITE_RECURSION = YES;
				CLANG_WARN_INT_CONVERSION = YES;
				CLANG_WARN_NON_LITERAL_NULL_CONVERSION = YES;
				CLANG_WARN_OBJC_IMPLICIT_RETAIN_SELF = YES;
				CLANG_WARN_OBJC_LITERAL_CONVERSION = YES;
				CLANG_WARN_OBJC_ROOT_CLASS = YES_ERROR;
				CLANG_WARN_QUOTED_INCLUDE_IN_FRAMEWORK_HEADER = YES;
				CLANG_WARN_RANGE_LOOP_ANALYSIS = YES;
				CLANG_WARN_STRICT_PROTOTYPES = YES;
				CLANG_WARN_SUSPICIOUS_MOVE = YES;
				CLANG_WARN_UNGUARDED_AVAILABILITY = YES_AGGRESSIVE;
				CLANG_WARN_UNREACHABLE_CODE = YES;
				CLANG_WARN__DUPLICATE_METHOD_MATCH = YES;
				COPY_PHASE_STRIP = NO;
				DEBUG_INFORMATION_FORMAT = dwarf;
				ENABLE_STRICT_OBJC_MSGSEND = YES;
				ENABLE_TESTABILITY = YES;
				GCC_C_LANGUAGE_STANDARD = gnu11;
				GCC_DYNAMIC_NO_PIC = NO;
				GCC_NO_COMMON_BLOCKS = YES;
				GCC_OPTIMIZATION_LEVEL = 0;
				GCC_PREPROCESSOR_DEFINITIONS = (
					"DEBUG=1",
					"$(inherited)",
				);
				GCC_WARN_64_TO_32_BIT_CONVERSION = YES;
				GCC_WARN_ABOUT_RETURN_TYPE = YES_ERROR;
				GCC_WARN_UNDECLARED_SELECTOR = YES;
				GCC_WARN_UNINITIALIZED_AUTOS = YES_AGGRESSIVE;
				GCC_WARN_UNUSED_FUNCTION = YES;
				GCC_WARN_UNUSED_VARIABLE = YES;
				IPHONEOS_DEPLOYMENT_TARGET = 14.4;
				MTL_ENABLE_DEBUG_INFO = INCLUDE_SOURCE;
				MTL_FAST_MATH = YES;
				ONLY_ACTIVE_ARCH = YES;
				SDKROOT = iphoneos;
				SWIFT_ACTIVE_COMPILATION_CONDITIONS = DEBUG;
				SWIFT_OPTIMIZATION_LEVEL = "-Onone";
			};
			name = Debug;
		};
		081AF3A825CBB7DD008187BB /* Release */ = {
			isa = XCBuildConfiguration;
			buildSettings = {
				ALWAYS_SEARCH_USER_PATHS = NO;
				CLANG_ANALYZER_NONNULL = YES;
				CLANG_ANALYZER_NUMBER_OBJECT_CONVERSION = YES_AGGRESSIVE;
				CLANG_CXX_LANGUAGE_STANDARD = "gnu++14";
				CLANG_CXX_LIBRARY = "libc++";
				CLANG_ENABLE_MODULES = YES;
				CLANG_ENABLE_OBJC_ARC = YES;
				CLANG_ENABLE_OBJC_WEAK = YES;
				CLANG_WARN_BLOCK_CAPTURE_AUTORELEASING = YES;
				CLANG_WARN_BOOL_CONVERSION = YES;
				CLANG_WARN_COMMA = YES;
				CLANG_WARN_CONSTANT_CONVERSION = YES;
				CLANG_WARN_DEPRECATED_OBJC_IMPLEMENTATIONS = YES;
				CLANG_WARN_DIRECT_OBJC_ISA_USAGE = YES_ERROR;
				CLANG_WARN_DOCUMENTATION_COMMENTS = YES;
				CLANG_WARN_EMPTY_BODY = YES;
				CLANG_WARN_ENUM_CONVERSION = YES;
				CLANG_WARN_INFINITE_RECURSION = YES;
				CLANG_WARN_INT_CONVERSION = YES;
				CLANG_WARN_NON_LITERAL_NULL_CONVERSION = YES;
				CLANG_WARN_OBJC_IMPLICIT_RETAIN_SELF = YES;
				CLANG_WARN_OBJC_LITERAL_CONVERSION = YES;
				CLANG_WARN_OBJC_ROOT_CLASS = YES_ERROR;
				CLANG_WARN_QUOTED_INCLUDE_IN_FRAMEWORK_HEADER = YES;
				CLANG_WARN_RANGE_LOOP_ANALYSIS = YES;
				CLANG_WARN_STRICT_PROTOTYPES = YES;
				CLANG_WARN_SUSPICIOUS_MOVE = YES;
				CLANG_WARN_UNGUARDED_AVAILABILITY = YES_AGGRESSIVE;
				CLANG_WARN_UNREACHABLE_CODE = YES;
				CLANG_WARN__DUPLICATE_METHOD_MATCH = YES;
				COPY_PHASE_STRIP = NO;
				DEBUG_INFORMATION_FORMAT = "dwarf-with-dsym";
				ENABLE_NS_ASSERTIONS = NO;
				ENABLE_STRICT_OBJC_MSGSEND = YES;
				GCC_C_LANGUAGE_STANDARD = gnu11;
				GCC_NO_COMMON_BLOCKS = YES;
				GCC_WARN_64_TO_32_BIT_CONVERSION = YES;
				GCC_WARN_ABOUT_RETURN_TYPE = YES_ERROR;
				GCC_WARN_UNDECLARED_SELECTOR = YES;
				GCC_WARN_UNINITIALIZED_AUTOS = YES_AGGRESSIVE;
				GCC_WARN_UNUSED_FUNCTION = YES;
				GCC_WARN_UNUSED_VARIABLE = YES;
				IPHONEOS_DEPLOYMENT_TARGET = 14.4;
				MTL_ENABLE_DEBUG_INFO = NO;
				MTL_FAST_MATH = YES;
				SDKROOT = iphoneos;
				SWIFT_COMPILATION_MODE = wholemodule;
				SWIFT_OPTIMIZATION_LEVEL = "-O";
				VALIDATE_PRODUCT = YES;
			};
			name = Release;
		};
		081AF3AA25CBB7DD008187BB /* Debug */ = {
			isa = XCBuildConfiguration;
			buildSettings = {
				ASSETCATALOG_COMPILER_APPICON_NAME = AppIcon;
				ASSETCATALOG_COMPILER_GLOBAL_ACCENT_COLOR_NAME = AccentColor;
				CODE_SIGN_STYLE = Automatic;
				INFOPLIST_FILE = "Udderz App/Info.plist";
				LD_RUNPATH_SEARCH_PATHS = (
					"$(inherited)",
					"@executable_path/Frameworks",
				);
				PRODUCT_BUNDLE_IDENTIFIER = "com.gilbert.Udderz-App";
				PRODUCT_NAME = "$(TARGET_NAME)";
				SWIFT_VERSION = 5.0;
				TARGETED_DEVICE_FAMILY = "1,2";
			};
			name = Debug;
		};
		081AF3AB25CBB7DD008187BB /* Release */ = {
			isa = XCBuildConfiguration;
			buildSettings = {
				ASSETCATALOG_COMPILER_APPICON_NAME = AppIcon;
				ASSETCATALOG_COMPILER_GLOBAL_ACCENT_COLOR_NAME = AccentColor;
				CODE_SIGN_STYLE = Automatic;
				INFOPLIST_FILE = "Udderz App/Info.plist";
				LD_RUNPATH_SEARCH_PATHS = (
					"$(inherited)",
					"@executable_path/Frameworks",
				);
				PRODUCT_BUNDLE_IDENTIFIER = "com.gilbert.Udderz-App";
				PRODUCT_NAME = "$(TARGET_NAME)";
				SWIFT_VERSION = 5.0;
				TARGETED_DEVICE_FAMILY = "1,2";
			};
			name = Release;
		};
		081AF3AD25CBB7DD008187BB /* Debug */ = {
			isa = XCBuildConfiguration;
			buildSettings = {
				ALWAYS_EMBED_SWIFT_STANDARD_LIBRARIES = YES;
				BUNDLE_LOADER = "$(TEST_HOST)";
				CODE_SIGN_STYLE = Automatic;
				INFOPLIST_FILE = "Udderz AppTests/Info.plist";
				IPHONEOS_DEPLOYMENT_TARGET = 14.4;
				LD_RUNPATH_SEARCH_PATHS = (
					"$(inherited)",
					"@executable_path/Frameworks",
					"@loader_path/Frameworks",
				);
				PRODUCT_BUNDLE_IDENTIFIER = "com.gilbert.Udderz-AppTests";
				PRODUCT_NAME = "$(TARGET_NAME)";
				SWIFT_VERSION = 5.0;
				TARGETED_DEVICE_FAMILY = "1,2";
				TEST_HOST = "$(BUILT_PRODUCTS_DIR)/Udderz App.app/Udderz App";
			};
			name = Debug;
		};
		081AF3AE25CBB7DD008187BB /* Release */ = {
			isa = XCBuildConfiguration;
			buildSettings = {
				ALWAYS_EMBED_SWIFT_STANDARD_LIBRARIES = YES;
				BUNDLE_LOADER = "$(TEST_HOST)";
				CODE_SIGN_STYLE = Automatic;
				INFOPLIST_FILE = "Udderz AppTests/Info.plist";
				IPHONEOS_DEPLOYMENT_TARGET = 14.4;
				LD_RUNPATH_SEARCH_PATHS = (
					"$(inherited)",
					"@executable_path/Frameworks",
					"@loader_path/Frameworks",
				);
				PRODUCT_BUNDLE_IDENTIFIER = "com.gilbert.Udderz-AppTests";
				PRODUCT_NAME = "$(TARGET_NAME)";
				SWIFT_VERSION = 5.0;
				TARGETED_DEVICE_FAMILY = "1,2";
				TEST_HOST = "$(BUILT_PRODUCTS_DIR)/Udderz App.app/Udderz App";
			};
			name = Release;
		};
		081AF3B025CBB7DD008187BB /* Debug */ = {
			isa = XCBuildConfiguration;
			buildSettings = {
				ALWAYS_EMBED_SWIFT_STANDARD_LIBRARIES = YES;
				CODE_SIGN_STYLE = Automatic;
				INFOPLIST_FILE = "Udderz AppUITests/Info.plist";
				LD_RUNPATH_SEARCH_PATHS = (
					"$(inherited)",
					"@executable_path/Frameworks",
					"@loader_path/Frameworks",
				);
				PRODUCT_BUNDLE_IDENTIFIER = "com.gilbert.Udderz-AppUITests";
				PRODUCT_NAME = "$(TARGET_NAME)";
				SWIFT_VERSION = 5.0;
				TARGETED_DEVICE_FAMILY = "1,2";
				TEST_TARGET_NAME = "Udderz App";
			};
			name = Debug;
		};
		081AF3B125CBB7DD008187BB /* Release */ = {
			isa = XCBuildConfiguration;
			buildSettings = {
				ALWAYS_EMBED_SWIFT_STANDARD_LIBRARIES = YES;
				CODE_SIGN_STYLE = Automatic;
				INFOPLIST_FILE = "Udderz AppUITests/Info.plist";
				LD_RUNPATH_SEARCH_PATHS = (
					"$(inherited)",
					"@executable_path/Frameworks",
					"@loader_path/Frameworks",
				);
				PRODUCT_BUNDLE_IDENTIFIER = "com.gilbert.Udderz-AppUITests";
				PRODUCT_NAME = "$(TARGET_NAME)";
				SWIFT_VERSION = 5.0;
				TARGETED_DEVICE_FAMILY = "1,2";
				TEST_TARGET_NAME = "Udderz App";
			};
			name = Release;
		};
/* End XCBuildConfiguration section */

/* Begin XCConfigurationList section */
		081AF37A25CBB7DA008187BB /* Build configuration list for PBXProject "Udderz App" */ = {
			isa = XCConfigurationList;
			buildConfigurations = (
				081AF3A725CBB7DD008187BB /* Debug */,
				081AF3A825CBB7DD008187BB /* Release */,
			);
			defaultConfigurationIsVisible = 0;
			defaultConfigurationName = Release;
		};
		081AF3A925CBB7DD008187BB /* Build configuration list for PBXNativeTarget "Udderz App" */ = {
			isa = XCConfigurationList;
			buildConfigurations = (
				081AF3AA25CBB7DD008187BB /* Debug */,
				081AF3AB25CBB7DD008187BB /* Release */,
			);
			defaultConfigurationIsVisible = 0;
			defaultConfigurationName = Release;
		};
		081AF3AC25CBB7DD008187BB /* Build configuration list for PBXNativeTarget "Udderz AppTests" */ = {
			isa = XCConfigurationList;
			buildConfigurations = (
				081AF3AD25CBB7DD008187BB /* Debug */,
				081AF3AE25CBB7DD008187BB /* Release */,
			);
			defaultConfigurationIsVisible = 0;
			defaultConfigurationName = Release;
		};
		081AF3AF25CBB7DD008187BB /* Build configuration list for PBXNativeTarget "Udderz AppUITests" */ = {
			isa = XCConfigurationList;
			buildConfigurations = (
				081AF3B025CBB7DD008187BB /* Debug */,
				081AF3B125CBB7DD008187BB /* Release */,
			);
			defaultConfigurationIsVisible = 0;
			defaultConfigurationName = Release;
		};
/* End XCConfigurationList section */
	};
	rootObject = 081AF37725CBB7DA008187BB /* Project object */;
}
